{
  "name": "@atomico/ui",
  "version": "1.0.0",
  "lockfileVersion": 2,
  "requires": true,
  "packages": {
    "": {
      "name": "@atomico/ui",
      "version": "1.0.0",
      "license": "ISC",
      "peerDependencies": {
        "atomico": "latest"
      }
    },
    "node_modules/atomico": {
      "version": "1.65.1",
      "resolved": "https://registry.npmjs.org/atomico/-/atomico-1.65.1.tgz",
      "integrity": "sha512-sFciqGIhatxXWZI8MZcOayAIeGffg1B3W4UXuajJ7jukLexJAb3A8Yl46lwCxtZh8NYN8EF6tVWWsc3vNrNqIw==",
      "peer": true
    }
  },
  "dependencies": {
    "atomico": {
      "version": "1.65.1",
      "resolved": "https://registry.npmjs.org/atomico/-/atomico-1.65.1.tgz",
      "integrity": "sha512-sFciqGIhatxXWZI8MZcOayAIeGffg1B3W4UXuajJ7jukLexJAb3A8Yl46lwCxtZh8NYN8EF6tVWWsc3vNrNqIw==",
      "peer": true
    }
  }
}
